
Microsoft Visual Studio Solution File, Format Version 12.00
# Visual Studio 15
VisualStudioVersion = 15.0.34031.82
MinimumVisualStudioVersion = 10.0.40219.1
Project("{8BC9CEB8-8B4A-11D0-8D11-00A0C91BC942}") = "2.21", "2.21\2.21.vcxproj", "{B3CA7689-9A66-4589-8A20-13A008E1CCEB}"
EndProject
Global
	GlobalSection(SolutionConfigurationPlatforms) = preSolution
		Debug|x64 = Debug|x64
		Debug|x86 = Debug|x86
		Release|x64 = Release|x64
		Release|x86 = Release|x86
	EndGlobalSection
	GlobalSection(ProjectConfigurationPlatforms) = postSolution
		{B3CA7689-9A66-4589-8A20-13A008E1CCEB}.Debug|x64.ActiveCfg = Debug|x64
		{B3CA7689-9A66-4589-8A20-13A008E1CCEB}.Debug|x64.Build.0 = Debug|x64
		{B3CA7689-9A66-4589-8A20-13A008E1CCEB}.Debug|x86.ActiveCfg = Debug|Win32
		{B3CA7689-9A66-4589-8A20-13A008E1CCEB}.Debug|x86.Build.0 = Debug|Win32
		{B3CA7689-9A66-4589-8A20-13A008E1CCEB}.Release|x64.ActiveCfg = Release|x64
		{B3CA7689-9A66-4589-8A20-13A008E1CCEB}.Release|x64.Build.0 = Release|x64
		{B3CA7689-9A66-4589-8A20-13A008E1CCEB}.Release|x86.ActiveCfg = Release|Win32
		{B3CA7689-9A66-4589-8A20-13A008E1CCEB}.Release|x86.Build.0 = Release|Win32
	EndGlobalSection
	GlobalSection(SolutionProperties) = preSolution
		HideSolutionNode = FALSE
	EndGlobalSection
	GlobalSection(ExtensibilityGlobals) = postSolution
		SolutionGuid = {1A9483C9-A3B7-459E-9F22-E6AA46A833CA}
	EndGlobalSection
EndGlobal
